
Microsoft Visual Studio Solution File, Format Version 12.00
# Visual Studio Version 16
VisualStudioVersion = 16.0.29905.134
MinimumVisualStudioVersion = 10.0.40219.1
Project("{FAE04EC0-301F-11D3-BF4B-00C04F79EFBC}") = "WorldUjp", "WorldUjp\WorldUjp.csproj", "{C023943F-FCBE-4C55-90DE-D1B7A9399153}"
EndProject
Project("{FAE04EC0-301F-11D3-BF4B-00C04F79EFBC}") = "Core", "Core\Core.csproj", "{167F5332-C00F-4011-A260-A151128BEE4D}"
EndProject
Project("{FAE04EC0-301F-11D3-BF4B-00C04F79EFBC}") = "Data", "Data\Data.csproj", "{7DC7F8BE-3A20-4A48-94A8-3305213E1613}"
EndProject
Global
	GlobalSection(SolutionConfigurationPlatforms) = preSolution
		Debug|Any CPU = Debug|Any CPU
		Release|Any CPU = Release|Any CPU
	EndGlobalSection
	GlobalSection(ProjectConfigurationPlatforms) = postSolution
		{C023943F-FCBE-4C55-90DE-D1B7A9399153}.Debug|Any CPU.ActiveCfg = Debug|Any CPU
		{C023943F-FCBE-4C55-90DE-D1B7A9399153}.Debug|Any CPU.Build.0 = Debug|Any CPU
		{C023943F-FCBE-4C55-90DE-D1B7A9399153}.Release|Any CPU.ActiveCfg = Release|Any CPU
		{C023943F-FCBE-4C55-90DE-D1B7A9399153}.Release|Any CPU.Build.0 = Release|Any CPU
		{167F5332-C00F-4011-A260-A151128BEE4D}.Debug|Any CPU.ActiveCfg = Debug|Any CPU
		{167F5332-C00F-4011-A260-A151128BEE4D}.Debug|Any CPU.Build.0 = Debug|Any CPU
		{167F5332-C00F-4011-A260-A151128BEE4D}.Release|Any CPU.ActiveCfg = Release|Any CPU
		{167F5332-C00F-4011-A260-A151128BEE4D}.Release|Any CPU.Build.0 = Release|Any CPU
		{7DC7F8BE-3A20-4A48-94A8-3305213E1613}.Debug|Any CPU.ActiveCfg = Debug|Any CPU
		{7DC7F8BE-3A20-4A48-94A8-3305213E1613}.Debug|Any CPU.Build.0 = Debug|Any CPU
		{7DC7F8BE-3A20-4A48-94A8-3305213E1613}.Release|Any CPU.ActiveCfg = Release|Any CPU
		{7DC7F8BE-3A20-4A48-94A8-3305213E1613}.Release|Any CPU.Build.0 = Release|Any CPU
	EndGlobalSection
	GlobalSection(SolutionProperties) = preSolution
		HideSolutionNode = FALSE
	EndGlobalSection
	GlobalSection(ExtensibilityGlobals) = postSolution
		SolutionGuid = {BF166100-2EF9-4F5E-9FC0-5F6F81F96031}
	EndGlobalSection
EndGlobal
